<?xml version="1.0" encoding="utf-8"?>
<Project ToolsVersion="4.0" xmlns="http://schemas.microsoft.com/developer/msbuild/2003">
  <ItemGroup>
    <Filter Include="EffekseerRendererCommon">
      <UniqueIdentifier>{D51E390A-4156-81A1-4A60-E5C4B616A89A}</UniqueIdentifier>
    </Filter>
  </ItemGroup>
  <ItemGroup>
    <ClInclude Include="src\EFRenders.h" />
    <ClInclude Include="src\Effekseer.h" />
    <ClInclude Include="src\EffekseerRendererCommon\EffekseerRenderer.CommonUtils.h">
      <Filter>EffekseerRendererCommon</Filter>
    </ClInclude>
    <ClInclude Include="src\EffekseerRendererCommon\EffekseerRenderer.DDSTextureLoader.h">
      <Filter>EffekseerRendererCommon</Filter>
    </ClInclude>
    <ClInclude Include="src\EffekseerRendererCommon\EffekseerRenderer.DXTK.DDSTextureLoader.h">
      <Filter>EffekseerRendererCommon</Filter>
    </ClInclude>
    <ClInclude Include="src\EffekseerRendererCommon\EffekseerRenderer.DXTK.dds.h">
      <Filter>EffekseerRendererCommon</Filter>
    </ClInclude>
    <ClInclude Include="src\EffekseerRendererCommon\EffekseerRenderer.IndexBufferBase.h">
      <Filter>EffekseerRendererCommon</Filter>
    </ClInclude>
    <ClInclude Include="src\EffekseerRendererCommon\EffekseerRenderer.ModelRendererBase.h">
      <Filter>EffekseerRendererCommon</Filter>
    </ClInclude>
    <ClInclude Include="src\EffekseerRendererCommon\EffekseerRenderer.PngTextureLoader.h">
      <Filter>EffekseerRendererCommon</Filter>
    </ClInclude>
    <ClInclude Include="src\EffekseerRendererCommon\EffekseerRenderer.RenderStateBase.h">
      <Filter>EffekseerRendererCommon</Filter>
    </ClInclude>
    <ClInclude Include="src\EffekseerRendererCommon\EffekseerRenderer.Renderer.h">
      <Filter>EffekseerRendererCommon</Filter>
    </ClInclude>
    <ClInclude Include="src\EffekseerRendererCommon\EffekseerRenderer.Renderer_Impl.h">
      <Filter>EffekseerRendererCommon</Filter>
    </ClInclude>
    <ClInclude Include="src\EffekseerRendererCommon\EffekseerRenderer.RibbonRendererBase.h">
      <Filter>EffekseerRendererCommon</Filter>
    </ClInclude>
    <ClInclude Include="src\EffekseerRendererCommon\EffekseerRenderer.RingRendererBase.h">
      <Filter>EffekseerRendererCommon</Filter>
    </ClInclude>
    <ClInclude Include="src\EffekseerRendererCommon\EffekseerRenderer.ShaderBase.h">
      <Filter>EffekseerRendererCommon</Filter>
    </ClInclude>
    <ClInclude Include="src\EffekseerRendererCommon\EffekseerRenderer.SpriteRendererBase.h">
      <Filter>EffekseerRendererCommon</Filter>
    </ClInclude>
    <ClInclude Include="src\EffekseerRendererCommon\EffekseerRenderer.StandardRenderer.h">
      <Filter>EffekseerRendererCommon</Filter>
    </ClInclude>
    <ClInclude Include="src\EffekseerRendererCommon\EffekseerRenderer.TrackRendererBase.h">
      <Filter>EffekseerRendererCommon</Filter>
    </ClInclude>
    <ClInclude Include="src\EffekseerRendererCommon\EffekseerRenderer.VertexBufferBase.h">
      <Filter>EffekseerRendererCommon</Filter>
    </ClInclude>
    <ClInclude Include="src\EffekseerRendererDE.h" />
    <ClInclude Include="src\EffekseerSoundAL.h" />
    <ClInclude Include="src\HLSL.h" />
    <ClInclude Include="src\ShaderGenerator.h" />
    <ClInclude Include="src\resource.h" />
  </ItemGroup>
  <ItemGroup>
    <ClCompile Include="src\EFRenders.cpp" />
    <ClCompile Include="src\EffekseerRendererCommon\EffekseerRenderer.CommonUtils.cpp">
      <Filter>EffekseerRendererCommon</Filter>
    </ClCompile>
    <ClCompile Include="src\EffekseerRendererCommon\EffekseerRenderer.DDSTextureLoader.cpp">
      <Filter>EffekseerRendererCommon</Filter>
    </ClCompile>
    <ClCompile Include="src\EffekseerRendererCommon\EffekseerRenderer.DXTK.DDSTextureLoader.cpp">
      <Filter>EffekseerRendererCommon</Filter>
    </ClCompile>
    <ClCompile Include="src\EffekseerRendererCommon\EffekseerRenderer.IndexBufferBase.cpp">
      <Filter>EffekseerRendererCommon</Filter>
    </ClCompile>
    <ClCompile Include="src\EffekseerRendererCommon\EffekseerRenderer.ModelRendererBase.cpp">
      <Filter>EffekseerRendererCommon</Filter>
    </ClCompile>
    <ClCompile Include="src\EffekseerRendererCommon\EffekseerRenderer.PngTextureLoader.cpp">
      <Filter>EffekseerRendererCommon</Filter>
    </ClCompile>
    <ClCompile Include="src\EffekseerRendererCommon\EffekseerRenderer.RenderStateBase.cpp">
      <Filter>EffekseerRendererCommon</Filter>
    </ClCompile>
    <ClCompile Include="src\EffekseerRendererCommon\EffekseerRenderer.Renderer.cpp">
      <Filter>EffekseerRendererCommon</Filter>
    </ClCompile>
    <ClCompile Include="src\EffekseerRendererCommon\EffekseerRenderer.Renderer_Impl.cpp">
      <Filter>EffekseerRendererCommon</Filter>
    </ClCompile>
    <ClCompile Include="src\EffekseerRendererCommon\EffekseerRenderer.RibbonRendererBase.cpp">
      <Filter>EffekseerRendererCommon</Filter>
    </ClCompile>
    <ClCompile Include="src\EffekseerRendererCommon\EffekseerRenderer.RingRendererBase.cpp">
      <Filter>EffekseerRendererCommon</Filter>
    </ClCompile>
    <ClCompile Include="src\EffekseerRendererCommon\EffekseerRenderer.SpriteRendererBase.cpp">
      <Filter>EffekseerRendererCommon</Filter>
    </ClCompile>
    <ClCompile Include="src\EffekseerRendererCommon\EffekseerRenderer.TrackRendererBase.cpp">
      <Filter>EffekseerRendererCommon</Filter>
    </ClCompile>
    <ClCompile Include="src\EffekseerRendererCommon\EffekseerRenderer.VertexBufferBase.cpp">
      <Filter>EffekseerRendererCommon</Filter>
    </ClCompile>
    <ClCompile Include="src\EffekseerRendererDE.cpp" />
    <ClCompile Include="src\MaterialLoader.cpp" />
  </ItemGroup>
  <ItemGroup>
    <None Include="bin\Debug-windows-x86_64\EffekseerRendererDE\EffekseerRendererDE.pdb" />
    <None Include="bin\Debug-windows-x86_64\examplede\examplede.exe" />
    <None Include="bin\Debug-windows-x86_64\examplede\examplede.ilk" />
    <None Include="bin\Debug-windows-x86_64\examplede\examplede.pdb" />
    <None Include="bin\Debug-windows-x86_64\examplede\GraphicsEngineD3D11_64d.dll" />
    <None Include="bin\Debug-windows-x86_64\examplede\GraphicsEngineD3D12_64d.dll" />
    <None Include="bin\Debug-windows-x86_64\examplede\GraphicsEngineOpenGL_64d.dll" />
    <None Include="bin\Debug-windows-x86_64\examplede\GraphicsEngineVk_64d.dll" />
    <None Include="bin\Debug-windows-x86_64\examplede\lnk{C689AC4B-6A27-4F0F-8ECB-7898ACED1F3B}.tmp" />
    <None Include="lib\Debug-windows-x86_64\EffekseerRendererDE\EffekseerRendererDE.pdb" />
    <None Include="bin\Release-windows-x86_64\GraphicsEngineD3D11_64r.dll" />
    <None Include="bin\Release-windows-x86_64\GraphicsEngineD3D12_64r.dll" />
    <None Include="bin\Release-windows-x86_64\GraphicsEngineOpenGL_64r.dll" />
    <None Include="bin\Release-windows-x86_64\GraphicsEngineVk_64r.dll" />
  </ItemGroup>
  <ItemGroup>
    <Library Include="bin\Debug-windows-x86_64\EffekseerRendererDE\EffekseerRendererDE.lib" />
    <Library Include="lib\Debug-windows-x86_64\EffekseerRendererDE\EffekseerRendererDE.lib" />
    <Library Include="lib\Debug-windows-x86_64\Effekseerd.lib" />
  </ItemGroup>
</Project>